
Microsoft Visual Studio Solution File, Format Version 12.00
# Visual Studio 15
VisualStudioVersion = 15.0.28010.2019
MinimumVisualStudioVersion = 10.0.40219.1
Project("{8BC9CEB8-8B4A-11D0-8D11-00A0C91BC942}") = "helloworld", "helloworld\helloworld.vcxproj", "{D97EA78D-3F58-403E-BDE6-DE1AD55EF8C5}"
EndProject
Global
	GlobalSection(SolutionConfigurationPlatforms) = preSolution
		Debug|x64 = Debug|x64
		Debug|x86 = Debug|x86
		Release|x64 = Release|x64
		Release|x86 = Release|x86
	EndGlobalSection
	GlobalSection(ProjectConfigurationPlatforms) = postSolution
		{D97EA78D-3F58-403E-BDE6-DE1AD55EF8C5}.Debug|x64.ActiveCfg = Debug|x64
		{D97EA78D-3F58-403E-BDE6-DE1AD55EF8C5}.Debug|x64.Build.0 = Debug|x64
		{D97EA78D-3F58-403E-BDE6-DE1AD55EF8C5}.Debug|x86.ActiveCfg = Debug|Win32
		{D97EA78D-3F58-403E-BDE6-DE1AD55EF8C5}.Debug|x86.Build.0 = Debug|Win32
		{D97EA78D-3F58-403E-BDE6-DE1AD55EF8C5}.Release|x64.ActiveCfg = Release|x64
		{D97EA78D-3F58-403E-BDE6-DE1AD55EF8C5}.Release|x64.Build.0 = Release|x64
		{D97EA78D-3F58-403E-BDE6-DE1AD55EF8C5}.Release|x86.ActiveCfg = Release|Win32
		{D97EA78D-3F58-403E-BDE6-DE1AD55EF8C5}.Release|x86.Build.0 = Release|Win32
	EndGlobalSection
	GlobalSection(SolutionProperties) = preSolution
		HideSolutionNode = FALSE
	EndGlobalSection
	GlobalSection(ExtensibilityGlobals) = postSolution
		SolutionGuid = {EA24EEC2-7268-4DE6-AD6D-62093D74B911}
	EndGlobalSection
EndGlobal
